
Microsoft Visual Studio Solution File, Format Version 12.00
# Visual Studio Version 17
VisualStudioVersion = 17.0.31903.59
MinimumVisualStudioVersion = 10.0.40219.1
Project("{FAE04EC0-301F-11D3-BF4B-00C04F79EFBC}") = "01.BrowserBackButton", "01.BrowserBackButton\01.BrowserBackButton.csproj", "{62F473E3-4A1F-48FF-9D72-8C9552E17E09}"
EndProject
Project("{FAE04EC0-301F-11D3-BF4B-00C04F79EFBC}") = "03.UndoCalculator", "03.UndoCalculator\03.UndoCalculator.csproj", "{C1FC90CB-FEC1-4722-BB8E-A1CE71A6E963}"
EndProject
Project("{FAE04EC0-301F-11D3-BF4B-00C04F79EFBC}") = "02.DecimalToBinary", "02.DecimalToBinary\02.DecimalToBinary.csproj", "{CD0B64E8-B90B-4005-BDC9-C96297FCEBD7}"
EndProject
Project("{FAE04EC0-301F-11D3-BF4B-00C04F79EFBC}") = "04.PrintJobScheduling", "04.PrintJobScheduling\04.PrintJobScheduling.csproj", "{327AD940-8ED3-4FF7-83F9-1A9049AB3591}"
EndProject
Project("{FAE04EC0-301F-11D3-BF4B-00C04F79EFBC}") = "05.TrafficSignalSystemSimulation", "05.TrafficSignalSystemSimulation\05.TrafficSignalSystemSimulation.csproj", "{14647760-AAEF-457A-B1E9-B78E0417161B}"
EndProject
Project("{FAE04EC0-301F-11D3-BF4B-00C04F79EFBC}") = "06.TicketingSystemSimulation", "06.TicketingSystemSimulation\06.TicketingSystemSimulation.csproj", "{637A3965-F19D-4759-821A-B45AA3D3C7BC}"
EndProject
Project("{FAE04EC0-301F-11D3-BF4B-00C04F79EFBC}") = "07.ImplementingSimpleBacktracking", "07.ImplementingSimpleBacktracking\07.ImplementingSimpleBacktracking.csproj", "{FC829D93-5C43-4043-BDE4-619C65D011A3}"
EndProject
Project("{FAE04EC0-301F-11D3-BF4B-00C04F79EFBC}") = "08.TaskScheduling", "08.TaskScheduling\08.TaskScheduling.csproj", "{954D910B-4F83-4C96-AF7F-CD2CE474E500}"
EndProject
Project("{FAE04EC0-301F-11D3-BF4B-00C04F79EFBC}") = "09.CustomerServiceSimulation", "09.CustomerServiceSimulation\09.CustomerServiceSimulation.csproj", "{36CBADEA-5939-4120-B517-F9E1A7FE977D}"
EndProject
Project("{FAE04EC0-301F-11D3-BF4B-00C04F79EFBC}") = "10.WebPageRequestHandling", "10.WebPageRequestHandling\10.WebPageRequestHandling.csproj", "{1276DC29-5157-44CF-90FA-9B864F7B3A93}"
EndProject
Global
	GlobalSection(SolutionConfigurationPlatforms) = preSolution
		Debug|Any CPU = Debug|Any CPU
		Debug|x64 = Debug|x64
		Debug|x86 = Debug|x86
		Release|Any CPU = Release|Any CPU
		Release|x64 = Release|x64
		Release|x86 = Release|x86
	EndGlobalSection
	GlobalSection(ProjectConfigurationPlatforms) = postSolution
		{62F473E3-4A1F-48FF-9D72-8C9552E17E09}.Debug|Any CPU.ActiveCfg = Debug|Any CPU
		{62F473E3-4A1F-48FF-9D72-8C9552E17E09}.Debug|Any CPU.Build.0 = Debug|Any CPU
		{62F473E3-4A1F-48FF-9D72-8C9552E17E09}.Debug|x64.ActiveCfg = Debug|Any CPU
		{62F473E3-4A1F-48FF-9D72-8C9552E17E09}.Debug|x64.Build.0 = Debug|Any CPU
		{62F473E3-4A1F-48FF-9D72-8C9552E17E09}.Debug|x86.ActiveCfg = Debug|Any CPU
		{62F473E3-4A1F-48FF-9D72-8C9552E17E09}.Debug|x86.Build.0 = Debug|Any CPU
		{62F473E3-4A1F-48FF-9D72-8C9552E17E09}.Release|Any CPU.ActiveCfg = Release|Any CPU
		{62F473E3-4A1F-48FF-9D72-8C9552E17E09}.Release|Any CPU.Build.0 = Release|Any CPU
		{62F473E3-4A1F-48FF-9D72-8C9552E17E09}.Release|x64.ActiveCfg = Release|Any CPU
		{62F473E3-4A1F-48FF-9D72-8C9552E17E09}.Release|x64.Build.0 = Release|Any CPU
		{62F473E3-4A1F-48FF-9D72-8C9552E17E09}.Release|x86.ActiveCfg = Release|Any CPU
		{62F473E3-4A1F-48FF-9D72-8C9552E17E09}.Release|x86.Build.0 = Release|Any CPU
		{C1FC90CB-FEC1-4722-BB8E-A1CE71A6E963}.Debug|Any CPU.ActiveCfg = Debug|Any CPU
		{C1FC90CB-FEC1-4722-BB8E-A1CE71A6E963}.Debug|Any CPU.Build.0 = Debug|Any CPU
		{C1FC90CB-FEC1-4722-BB8E-A1CE71A6E963}.Debug|x64.ActiveCfg = Debug|Any CPU
		{C1FC90CB-FEC1-4722-BB8E-A1CE71A6E963}.Debug|x64.Build.0 = Debug|Any CPU
		{C1FC90CB-FEC1-4722-BB8E-A1CE71A6E963}.Debug|x86.ActiveCfg = Debug|Any CPU
		{C1FC90CB-FEC1-4722-BB8E-A1CE71A6E963}.Debug|x86.Build.0 = Debug|Any CPU
		{C1FC90CB-FEC1-4722-BB8E-A1CE71A6E963}.Release|Any CPU.ActiveCfg = Release|Any CPU
		{C1FC90CB-FEC1-4722-BB8E-A1CE71A6E963}.Release|Any CPU.Build.0 = Release|Any CPU
		{C1FC90CB-FEC1-4722-BB8E-A1CE71A6E963}.Release|x64.ActiveCfg = Release|Any CPU
		{C1FC90CB-FEC1-4722-BB8E-A1CE71A6E963}.Release|x64.Build.0 = Release|Any CPU
		{C1FC90CB-FEC1-4722-BB8E-A1CE71A6E963}.Release|x86.ActiveCfg = Release|Any CPU
		{C1FC90CB-FEC1-4722-BB8E-A1CE71A6E963}.Release|x86.Build.0 = Release|Any CPU
		{CD0B64E8-B90B-4005-BDC9-C96297FCEBD7}.Debug|Any CPU.ActiveCfg = Debug|Any CPU
		{CD0B64E8-B90B-4005-BDC9-C96297FCEBD7}.Debug|Any CPU.Build.0 = Debug|Any CPU
		{CD0B64E8-B90B-4005-BDC9-C96297FCEBD7}.Debug|x64.ActiveCfg = Debug|Any CPU
		{CD0B64E8-B90B-4005-BDC9-C96297FCEBD7}.Debug|x64.Build.0 = Debug|Any CPU
		{CD0B64E8-B90B-4005-BDC9-C96297FCEBD7}.Debug|x86.ActiveCfg = Debug|Any CPU
		{CD0B64E8-B90B-4005-BDC9-C96297FCEBD7}.Debug|x86.Build.0 = Debug|Any CPU
		{CD0B64E8-B90B-4005-BDC9-C96297FCEBD7}.Release|Any CPU.ActiveCfg = Release|Any CPU
		{CD0B64E8-B90B-4005-BDC9-C96297FCEBD7}.Release|Any CPU.Build.0 = Release|Any CPU
		{CD0B64E8-B90B-4005-BDC9-C96297FCEBD7}.Release|x64.ActiveCfg = Release|Any CPU
		{CD0B64E8-B90B-4005-BDC9-C96297FCEBD7}.Release|x64.Build.0 = Release|Any CPU
		{CD0B64E8-B90B-4005-BDC9-C96297FCEBD7}.Release|x86.ActiveCfg = Release|Any CPU
		{CD0B64E8-B90B-4005-BDC9-C96297FCEBD7}.Release|x86.Build.0 = Release|Any CPU
		{327AD940-8ED3-4FF7-83F9-1A9049AB3591}.Debug|Any CPU.ActiveCfg = Debug|Any CPU
		{327AD940-8ED3-4FF7-83F9-1A9049AB3591}.Debug|Any CPU.Build.0 = Debug|Any CPU
		{327AD940-8ED3-4FF7-83F9-1A9049AB3591}.Debug|x64.ActiveCfg = Debug|Any CPU
		{327AD940-8ED3-4FF7-83F9-1A9049AB3591}.Debug|x64.Build.0 = Debug|Any CPU
		{327AD940-8ED3-4FF7-83F9-1A9049AB3591}.Debug|x86.ActiveCfg = Debug|Any CPU
		{327AD940-8ED3-4FF7-83F9-1A9049AB3591}.Debug|x86.Build.0 = Debug|Any CPU
		{327AD940-8ED3-4FF7-83F9-1A9049AB3591}.Release|Any CPU.ActiveCfg = Release|Any CPU
		{327AD940-8ED3-4FF7-83F9-1A9049AB3591}.Release|Any CPU.Build.0 = Release|Any CPU
		{327AD940-8ED3-4FF7-83F9-1A9049AB3591}.Release|x64.ActiveCfg = Release|Any CPU
		{327AD940-8ED3-4FF7-83F9-1A9049AB3591}.Release|x64.Build.0 = Release|Any CPU
		{327AD940-8ED3-4FF7-83F9-1A9049AB3591}.Release|x86.ActiveCfg = Release|Any CPU
		{327AD940-8ED3-4FF7-83F9-1A9049AB3591}.Release|x86.Build.0 = Release|Any CPU
		{14647760-AAEF-457A-B1E9-B78E0417161B}.Debug|Any CPU.ActiveCfg = Debug|Any CPU
		{14647760-AAEF-457A-B1E9-B78E0417161B}.Debug|Any CPU.Build.0 = Debug|Any CPU
		{14647760-AAEF-457A-B1E9-B78E0417161B}.Debug|x64.ActiveCfg = Debug|Any CPU
		{14647760-AAEF-457A-B1E9-B78E0417161B}.Debug|x64.Build.0 = Debug|Any CPU
		{14647760-AAEF-457A-B1E9-B78E0417161B}.Debug|x86.ActiveCfg = Debug|Any CPU
		{14647760-AAEF-457A-B1E9-B78E0417161B}.Debug|x86.Build.0 = Debug|Any CPU
		{14647760-AAEF-457A-B1E9-B78E0417161B}.Release|Any CPU.ActiveCfg = Release|Any CPU
		{14647760-AAEF-457A-B1E9-B78E0417161B}.Release|Any CPU.Build.0 = Release|Any CPU
		{14647760-AAEF-457A-B1E9-B78E0417161B}.Release|x64.ActiveCfg = Release|Any CPU
		{14647760-AAEF-457A-B1E9-B78E0417161B}.Release|x64.Build.0 = Release|Any CPU
		{14647760-AAEF-457A-B1E9-B78E0417161B}.Release|x86.ActiveCfg = Release|Any CPU
		{14647760-AAEF-457A-B1E9-B78E0417161B}.Release|x86.Build.0 = Release|Any CPU
		{637A3965-F19D-4759-821A-B45AA3D3C7BC}.Debug|Any CPU.ActiveCfg = Debug|Any CPU
		{637A3965-F19D-4759-821A-B45AA3D3C7BC}.Debug|Any CPU.Build.0 = Debug|Any CPU
		{637A3965-F19D-4759-821A-B45AA3D3C7BC}.Debug|x64.ActiveCfg = Debug|Any CPU
		{637A3965-F19D-4759-821A-B45AA3D3C7BC}.Debug|x64.Build.0 = Debug|Any CPU
		{637A3965-F19D-4759-821A-B45AA3D3C7BC}.Debug|x86.ActiveCfg = Debug|Any CPU
		{637A3965-F19D-4759-821A-B45AA3D3C7BC}.Debug|x86.Build.0 = Debug|Any CPU
		{637A3965-F19D-4759-821A-B45AA3D3C7BC}.Release|Any CPU.ActiveCfg = Release|Any CPU
		{637A3965-F19D-4759-821A-B45AA3D3C7BC}.Release|Any CPU.Build.0 = Release|Any CPU
		{637A3965-F19D-4759-821A-B45AA3D3C7BC}.Release|x64.ActiveCfg = Release|Any CPU
		{637A3965-F19D-4759-821A-B45AA3D3C7BC}.Release|x64.Build.0 = Release|Any CPU
		{637A3965-F19D-4759-821A-B45AA3D3C7BC}.Release|x86.ActiveCfg = Release|Any CPU
		{637A3965-F19D-4759-821A-B45AA3D3C7BC}.Release|x86.Build.0 = Release|Any CPU
		{FC829D93-5C43-4043-BDE4-619C65D011A3}.Debug|Any CPU.ActiveCfg = Debug|Any CPU
		{FC829D93-5C43-4043-BDE4-619C65D011A3}.Debug|Any CPU.Build.0 = Debug|Any CPU
		{FC829D93-5C43-4043-BDE4-619C65D011A3}.Debug|x64.ActiveCfg = Debug|Any CPU
		{FC829D93-5C43-4043-BDE4-619C65D011A3}.Debug|x64.Build.0 = Debug|Any CPU
		{FC829D93-5C43-4043-BDE4-619C65D011A3}.Debug|x86.ActiveCfg = Debug|Any CPU
		{FC829D93-5C43-4043-BDE4-619C65D011A3}.Debug|x86.Build.0 = Debug|Any CPU
		{FC829D93-5C43-4043-BDE4-619C65D011A3}.Release|Any CPU.ActiveCfg = Release|Any CPU
		{FC829D93-5C43-4043-BDE4-619C65D011A3}.Release|Any CPU.Build.0 = Release|Any CPU
		{FC829D93-5C43-4043-BDE4-619C65D011A3}.Release|x64.ActiveCfg = Release|Any CPU
		{FC829D93-5C43-4043-BDE4-619C65D011A3}.Release|x64.Build.0 = Release|Any CPU
		{FC829D93-5C43-4043-BDE4-619C65D011A3}.Release|x86.ActiveCfg = Release|Any CPU
		{FC829D93-5C43-4043-BDE4-619C65D011A3}.Release|x86.Build.0 = Release|Any CPU
		{954D910B-4F83-4C96-AF7F-CD2CE474E500}.Debug|Any CPU.ActiveCfg = Debug|Any CPU
		{954D910B-4F83-4C96-AF7F-CD2CE474E500}.Debug|Any CPU.Build.0 = Debug|Any CPU
		{954D910B-4F83-4C96-AF7F-CD2CE474E500}.Debug|x64.ActiveCfg = Debug|Any CPU
		{954D910B-4F83-4C96-AF7F-CD2CE474E500}.Debug|x64.Build.0 = Debug|Any CPU
		{954D910B-4F83-4C96-AF7F-CD2CE474E500}.Debug|x86.ActiveCfg = Debug|Any CPU
		{954D910B-4F83-4C96-AF7F-CD2CE474E500}.Debug|x86.Build.0 = Debug|Any CPU
		{954D910B-4F83-4C96-AF7F-CD2CE474E500}.Release|Any CPU.ActiveCfg = Release|Any CPU
		{954D910B-4F83-4C96-AF7F-CD2CE474E500}.Release|Any CPU.Build.0 = Release|Any CPU
		{954D910B-4F83-4C96-AF7F-CD2CE474E500}.Release|x64.ActiveCfg = Release|Any CPU
		{954D910B-4F83-4C96-AF7F-CD2CE474E500}.Release|x64.Build.0 = Release|Any CPU
		{954D910B-4F83-4C96-AF7F-CD2CE474E500}.Release|x86.ActiveCfg = Release|Any CPU
		{954D910B-4F83-4C96-AF7F-CD2CE474E500}.Release|x86.Build.0 = Release|Any CPU
		{36CBADEA-5939-4120-B517-F9E1A7FE977D}.Debug|Any CPU.ActiveCfg = Debug|Any CPU
		{36CBADEA-5939-4120-B517-F9E1A7FE977D}.Debug|Any CPU.Build.0 = Debug|Any CPU
		{36CBADEA-5939-4120-B517-F9E1A7FE977D}.Debug|x64.ActiveCfg = Debug|Any CPU
		{36CBADEA-5939-4120-B517-F9E1A7FE977D}.Debug|x64.Build.0 = Debug|Any CPU
		{36CBADEA-5939-4120-B517-F9E1A7FE977D}.Debug|x86.ActiveCfg = Debug|Any CPU
		{36CBADEA-5939-4120-B517-F9E1A7FE977D}.Debug|x86.Build.0 = Debug|Any CPU
		{36CBADEA-5939-4120-B517-F9E1A7FE977D}.Release|Any CPU.ActiveCfg = Release|Any CPU
		{36CBADEA-5939-4120-B517-F9E1A7FE977D}.Release|Any CPU.Build.0 = Release|Any CPU
		{36CBADEA-5939-4120-B517-F9E1A7FE977D}.Release|x64.ActiveCfg = Release|Any CPU
		{36CBADEA-5939-4120-B517-F9E1A7FE977D}.Release|x64.Build.0 = Release|Any CPU
		{36CBADEA-5939-4120-B517-F9E1A7FE977D}.Release|x86.ActiveCfg = Release|Any CPU
		{36CBADEA-5939-4120-B517-F9E1A7FE977D}.Release|x86.Build.0 = Release|Any CPU
		{1276DC29-5157-44CF-90FA-9B864F7B3A93}.Debug|Any CPU.ActiveCfg = Debug|Any CPU
		{1276DC29-5157-44CF-90FA-9B864F7B3A93}.Debug|Any CPU.Build.0 = Debug|Any CPU
		{1276DC29-5157-44CF-90FA-9B864F7B3A93}.Debug|x64.ActiveCfg = Debug|Any CPU
		{1276DC29-5157-44CF-90FA-9B864F7B3A93}.Debug|x64.Build.0 = Debug|Any CPU
		{1276DC29-5157-44CF-90FA-9B864F7B3A93}.Debug|x86.ActiveCfg = Debug|Any CPU
		{1276DC29-5157-44CF-90FA-9B864F7B3A93}.Debug|x86.Build.0 = Debug|Any CPU
		{1276DC29-5157-44CF-90FA-9B864F7B3A93}.Release|Any CPU.ActiveCfg = Release|Any CPU
		{1276DC29-5157-44CF-90FA-9B864F7B3A93}.Release|Any CPU.Build.0 = Release|Any CPU
		{1276DC29-5157-44CF-90FA-9B864F7B3A93}.Release|x64.ActiveCfg = Release|Any CPU
		{1276DC29-5157-44CF-90FA-9B864F7B3A93}.Release|x64.Build.0 = Release|Any CPU
		{1276DC29-5157-44CF-90FA-9B864F7B3A93}.Release|x86.ActiveCfg = Release|Any CPU
		{1276DC29-5157-44CF-90FA-9B864F7B3A93}.Release|x86.Build.0 = Release|Any CPU
	EndGlobalSection
	GlobalSection(SolutionProperties) = preSolution
		HideSolutionNode = FALSE
	EndGlobalSection
EndGlobal
